// !$*UTF8*$!
{
	archiveVersion = 1;
	classes = {
	};
	objectVersion = 50;
	objects = {

/* Begin PBXBuildFile section */
		3DA864CF2412399B00264DF2 /* AppDelegate.swift in Sources */ = {isa = PBXBuildFile; fileRef = 3DA864CE2412399B00264DF2 /* AppDelegate.swift */; };
		3DA864D12412399B00264DF2 /* SceneDelegate.swift in Sources */ = {isa = PBXBuildFile; fileRef = 3DA864D02412399B00264DF2 /* SceneDelegate.swift */; };
		3DA864D32412399B00264DF2 /* ViewController.swift in Sources */ = {isa = PBXBuildFile; fileRef = 3DA864D22412399B00264DF2 /* ViewController.swift */; };
		3DA864D62412399B00264DF2 /* Main.storyboard in Resources */ = {isa = PBXBuildFile; fileRef = 3DA864D42412399B00264DF2 /* Main.storyboard */; };
		3DA864D82412399C00264DF2 /* Assets.xcassets in Resources */ = {isa = PBXBuildFile; fileRef = 3DA864D72412399C00264DF2 /* Assets.xcassets */; };
		3DA864DB2412399C00264DF2 /* LaunchScreen.storyboard in Resources */ = {isa = PBXBuildFile; fileRef = 3DA864D92412399C00264DF2 /* LaunchScreen.storyboard */; };
		3DA864E3241250BB00264DF2 /* CalendarAddedDelegate.swift in Sources */ = {isa = PBXBuildFile; fileRef = 3DA864E2241250BB00264DF2 /* CalendarAddedDelegate.swift */; };
		3DA864E6241393DC00264DF2 /* AgendaModel.swift in Sources */ = {isa = PBXBuildFile; fileRef = 3DA864E5241393DC00264DF2 /* AgendaModel.swift */; };
		3DCC8AF72414D752000180A6 /* WeatherData.swift in Sources */ = {isa = PBXBuildFile; fileRef = 3DCC8AF62414D752000180A6 /* WeatherData.swift */; };
		3DCC8AF92414D76E000180A6 /* WeatherModel.swift in Sources */ = {isa = PBXBuildFile; fileRef = 3DCC8AF82414D76E000180A6 /* WeatherModel.swift */; };
		3DCC8AFB2414D788000180A6 /* WeatherManager.swift in Sources */ = {isa = PBXBuildFile; fileRef = 3DCC8AFA2414D788000180A6 /* WeatherManager.swift */; };
		3DDA3A9E241E880A00BD69DE /* AgendaViewController.swift in Sources */ = {isa = PBXBuildFile; fileRef = 3DDA3A9D241E880A00BD69DE /* AgendaViewController.swift */; };
/* End PBXBuildFile section */

/* Begin PBXFileReference section */
		3DA864CB2412399B00264DF2 /* NC1HelpfullApp.app */ = {isa = PBXFileReference; explicitFileType = wrapper.application; includeInIndex = 0; path = NC1HelpfullApp.app; sourceTree = BUILT_PRODUCTS_DIR; };
		3DA864CE2412399B00264DF2 /* AppDelegate.swift */ = {isa = PBXFileReference; lastKnownFileType = sourcecode.swift; path = AppDelegate.swift; sourceTree = "<group>"; };
		3DA864D02412399B00264DF2 /* SceneDelegate.swift */ = {isa = PBXFileReference; lastKnownFileType = sourcecode.swift; path = SceneDelegate.swift; sourceTree = "<group>"; };
		3DA864D22412399B00264DF2 /* ViewController.swift */ = {isa = PBXFileReference; lastKnownFileType = sourcecode.swift; path = ViewController.swift; sourceTree = "<group>"; };
		3DA864D52412399B00264DF2 /* Base */ = {isa = PBXFileReference; lastKnownFileType = file.storyboard; name = Base; path = Base.lproj/Main.storyboard; sourceTree = "<group>"; };
		3DA864D72412399C00264DF2 /* Assets.xcassets */ = {isa = PBXFileReference; lastKnownFileType = folder.assetcatalog; path = Assets.xcassets; sourceTree = "<group>"; };
		3DA864DA2412399C00264DF2 /* Base */ = {isa = PBXFileReference; lastKnownFileType = file.storyboard; name = Base; path = Base.lproj/LaunchScreen.storyboard; sourceTree = "<group>"; };
		3DA864DC2412399C00264DF2 /* Info.plist */ = {isa = PBXFileReference; lastKnownFileType = text.plist.xml; path = Info.plist; sourceTree = "<group>"; };
		3DA864E2241250BB00264DF2 /* CalendarAddedDelegate.swift */ = {isa = PBXFileReference; lastKnownFileType = sourcecode.swift; path = CalendarAddedDelegate.swift; sourceTree = "<group>"; };
		3DA864E5241393DC00264DF2 /* AgendaModel.swift */ = {isa = PBXFileReference; lastKnownFileType = sourcecode.swift; path = AgendaModel.swift; sourceTree = "<group>"; };
		3DCC8AF62414D752000180A6 /* WeatherData.swift */ = {isa = PBXFileReference; lastKnownFileType = sourcecode.swift; path = WeatherData.swift; sourceTree = "<group>"; };
		3DCC8AF82414D76E000180A6 /* WeatherModel.swift */ = {isa = PBXFileReference; lastKnownFileType = sourcecode.swift; path = WeatherModel.swift; sourceTree = "<group>"; };
		3DCC8AFA2414D788000180A6 /* WeatherManager.swift */ = {isa = PBXFileReference; lastKnownFileType = sourcecode.swift; path = WeatherManager.swift; sourceTree = "<group>"; };
		3DDA3A9D241E880A00BD69DE /* AgendaViewController.swift */ = {isa = PBXFileReference; lastKnownFileType = sourcecode.swift; path = AgendaViewController.swift; sourceTree = "<group>"; };
/* End PBXFileReference section */

/* Begin PBXFrameworksBuildPhase section */
		3DA864C82412399B00264DF2 /* Frameworks */ = {
			isa = PBXFrameworksBuildPhase;
			buildActionMask = 2147483647;
			files = (
			);
			runOnlyForDeploymentPostprocessing = 0;
		};
/* End PBXFrameworksBuildPhase section */

/* Begin PBXGroup section */
		3DA864C22412399B00264DF2 = {
			isa = PBXGroup;
			children = (
				3DA864CD2412399B00264DF2 /* NC1HelpfullApp */,
				3DA864CC2412399B00264DF2 /* Products */,
			);
			sourceTree = "<group>";
		};
		3DA864CC2412399B00264DF2 /* Products */ = {
			isa = PBXGroup;
			children = (
				3DA864CB2412399B00264DF2 /* NC1HelpfullApp.app */,
			);
			name = Products;
			sourceTree = "<group>";
		};
		3DA864CD2412399B00264DF2 /* NC1HelpfullApp */ = {
			isa = PBXGroup;
			children = (
				3DA864E4241392F200264DF2 /* Model */,
				3DA864E8241393FB00264DF2 /* View */,
				3DA864E7241393E900264DF2 /* Controller */,
				3DA864CE2412399B00264DF2 /* AppDelegate.swift */,
				3DA864D02412399B00264DF2 /* SceneDelegate.swift */,
				3DA864D72412399C00264DF2 /* Assets.xcassets */,
				3DA864D92412399C00264DF2 /* LaunchScreen.storyboard */,
				3DA864DC2412399C00264DF2 /* Info.plist */,
				3DA864E2241250BB00264DF2 /* CalendarAddedDelegate.swift */,
			);
			path = NC1HelpfullApp;
			sourceTree = "<group>";
		};
		3DA864E4241392F200264DF2 /* Model */ = {
			isa = PBXGroup;
			children = (
				3DA864E5241393DC00264DF2 /* AgendaModel.swift */,
				3DCC8AF62414D752000180A6 /* WeatherData.swift */,
				3DCC8AF82414D76E000180A6 /* WeatherModel.swift */,
				3DCC8AFA2414D788000180A6 /* WeatherManager.swift */,
			);
			path = Model;
			sourceTree = "<group>";
		};
		3DA864E7241393E900264DF2 /* Controller */ = {
			isa = PBXGroup;
			children = (
				3DA864D22412399B00264DF2 /* ViewController.swift */,
				3DDA3A9D241E880A00BD69DE /* AgendaViewController.swift */,
			);
			path = Controller;
			sourceTree = "<group>";
		};
		3DA864E8241393FB00264DF2 /* View */ = {
			isa = PBXGroup;
			children = (
				3DA864D42412399B00264DF2 /* Main.storyboard */,
			);
			path = View;
			sourceTree = "<group>";
		};
/* End PBXGroup section */

/* Begin PBXNativeTarget section */
		3DA864CA2412399B00264DF2 /* NC1HelpfullApp */ = {
			isa = PBXNativeTarget;
			buildConfigurationList = 3DA864DF2412399C00264DF2 /* Build configuration list for PBXNativeTarget "NC1HelpfullApp" */;
			buildPhases = (
				3DA864C72412399B00264DF2 /* Sources */,
				3DA864C82412399B00264DF2 /* Frameworks */,
				3DA864C92412399B00264DF2 /* Resources */,
			);
			buildRules = (
			);
			dependencies = (
			);
			name = NC1HelpfullApp;
			productName = NC1HelpfullApp;
			productReference = 3DA864CB2412399B00264DF2 /* NC1HelpfullApp.app */;
			productType = "com.apple.product-type.application";
		};
/* End PBXNativeTarget section */

/* Begin PBXProject section */
		3DA864C32412399B00264DF2 /* Project object */ = {
			isa = PBXProject;
			attributes = {
				LastSwiftUpdateCheck = 1130;
				LastUpgradeCheck = 1130;
				ORGANIZATIONNAME = "Eki Rifaldi";
				TargetAttributes = {
					3DA864CA2412399B00264DF2 = {
						CreatedOnToolsVersion = 11.3.1;
					};
				};
			};
			buildConfigurationList = 3DA864C62412399B00264DF2 /* Build configuration list for PBXProject "NC1HelpfullApp" */;
			compatibilityVersion = "Xcode 9.3";
			developmentRegion = en;
			hasScannedForEncodings = 0;
			knownRegions = (
				en,
				Base,
			);
			mainGroup = 3DA864C22412399B00264DF2;
			productRefGroup = 3DA864CC2412399B00264DF2 /* Products */;
			projectDirPath = "";
			projectRoot = "";
			targets = (
				3DA864CA2412399B00264DF2 /* NC1HelpfullApp */,
			);
		};
/* End PBXProject section */

/* Begin PBXResourcesBuildPhase section */
		3DA864C92412399B00264DF2 /* Resources */ = {
			isa = PBXResourcesBuildPhase;
			buildActionMask = 2147483647;
			files = (
				3DA864DB2412399C00264DF2 /* LaunchScreen.storyboard in Resources */,
				3DA864D82412399C00264DF2 /* Assets.xcassets in Resources */,
				3DA864D62412399B00264DF2 /* Main.storyboard in Resources */,
			);
			runOnlyForDeploymentPostprocessing = 0;
		};
/* End PBXResourcesBuildPhase section */

/* Begin PBXSourcesBuildPhase section */
		3DA864C72412399B00264DF2 /* Sources */ = {
			isa = PBXSourcesBuildPhase;
			buildActionMask = 2147483647;
			files = (
				3DA864E6241393DC00264DF2 /* AgendaModel.swift in Sources */,
				3DA864D32412399B00264DF2 /* ViewController.swift in Sources */,
				3DCC8AFB2414D788000180A6 /* WeatherManager.swift in Sources */,
				3DA864E3241250BB00264DF2 /* CalendarAddedDelegate.swift in Sources */,
				3DCC8AF92414D76E000180A6 /* WeatherModel.swift in Sources */,
				3DA864CF2412399B00264DF2 /* AppDelegate.swift in Sources */,
				3DCC8AF72414D752000180A6 /* WeatherData.swift in Sources */,
				3DA864D12412399B00264DF2 /* SceneDelegate.swift in Sources */,
				3DDA3A9E241E880A00BD69DE /* AgendaViewController.swift in Sources */,
			);
			runOnlyForDeploymentPostprocessing = 0;
		};
/* End PBXSourcesBuildPhase section */

/* Begin PBXVariantGroup section */
		3DA864D42412399B00264DF2 /* Main.storyboard */ = {
			isa = PBXVariantGroup;
			children = (
				3DA864D52412399B00264DF2 /* Base */,
			);
			name = Main.storyboard;
			sourceTree = "<group>";
		};
		3DA864D92412399C00264DF2 /* LaunchScreen.storyboard */ = {
			isa = PBXVariantGroup;
			children = (
				3DA864DA2412399C00264DF2 /* Base */,
			);
			name = LaunchScreen.storyboard;
			sourceTree = "<group>";
		};
/* End PBXVariantGroup section */

/* Begin XCBuildConfiguration section */
		3DA864DD2412399C00264DF2 /* Debug */ = {
			isa = XCBuildConfiguration;
			buildSettings = {
				ALWAYS_SEARCH_USER_PATHS = NO;
				CLANG_ANALYZER_NONNULL = YES;
				CLANG_ANALYZER_NUMBER_OBJECT_CONVERSION = YES_AGGRESSIVE;
				CLANG_CXX_LANGUAGE_STANDARD = "gnu++14";
				CLANG_CXX_LIBRARY = "libc++";
				CLANG_ENABLE_MODULES = YES;
				CLANG_ENABLE_OBJC_ARC = YES;
				CLANG_ENABLE_OBJC_WEAK = YES;
				CLANG_WARN_BLOCK_CAPTURE_AUTORELEASING = YES;
				CLANG_WARN_BOOL_CONVERSION = YES;
				CLANG_WARN_COMMA = YES;
				CLANG_WARN_CONSTANT_CONVERSION = YES;
				CLANG_WARN_DEPRECATED_OBJC_IMPLEMENTATIONS = YES;
				CLANG_WARN_DIRECT_OBJC_ISA_USAGE = YES_ERROR;
				CLANG_WARN_DOCUMENTATION_COMMENTS = YES;
				CLANG_WARN_EMPTY_BODY = YES;
				CLANG_WARN_ENUM_CONVERSION = YES;
				CLANG_WARN_INFINITE_RECURSION = YES;
				CLANG_WARN_INT_CONVERSION = YES;
				CLANG_WARN_NON_LITERAL_NULL_CONVERSION = YES;
				CLANG_WARN_OBJC_IMPLICIT_RETAIN_SELF = YES;
				CLANG_WARN_OBJC_LITERAL_CONVERSION = YES;
				CLANG_WARN_OBJC_ROOT_CLASS = YES_ERROR;
				CLANG_WARN_RANGE_LOOP_ANALYSIS = YES;
				CLANG_WARN_STRICT_PROTOTYPES = YES;
				CLANG_WARN_SUSPICIOUS_MOVE = YES;
				CLANG_WARN_UNGUARDED_AVAILABILITY = YES_AGGRESSIVE;
				CLANG_WARN_UNREACHABLE_CODE = YES;
				CLANG_WARN__DUPLICATE_METHOD_MATCH = YES;
				COPY_PHASE_STRIP = NO;
				DEBUG_INFORMATION_FORMAT = dwarf;
				ENABLE_STRICT_OBJC_MSGSEND = YES;
				ENABLE_TESTABILITY = YES;
				GCC_C_LANGUAGE_STANDARD = gnu11;
				GCC_DYNAMIC_NO_PIC = NO;
				GCC_NO_COMMON_BLOCKS = YES;
				GCC_OPTIMIZATION_LEVEL = 0;
				GCC_PREPROCESSOR_DEFINITIONS = (
					"DEBUG=1",
					"$(inherited)",
				);
				GCC_WARN_64_TO_32_BIT_CONVERSION = YES;
				GCC_WARN_ABOUT_RETURN_TYPE = YES_ERROR;
				GCC_WARN_UNDECLARED_SELECTOR = YES;
				GCC_WARN_UNINITIALIZED_AUTOS = YES_AGGRESSIVE;
				GCC_WARN_UNUSED_FUNCTION = YES;
				GCC_WARN_UNUSED_VARIABLE = YES;
				IPHONEOS_DEPLOYMENT_TARGET = 13.2;
				MTL_ENABLE_DEBUG_INFO = INCLUDE_SOURCE;
				MTL_FAST_MATH = YES;
				ONLY_ACTIVE_ARCH = YES;
				SDKROOT = iphoneos;
				SWIFT_ACTIVE_COMPILATION_CONDITIONS = DEBUG;
				SWIFT_OPTIMIZATION_LEVEL = "-Onone";
			};
			name = Debug;
		};
		3DA864DE2412399C00264DF2 /* Release */ = {
			isa = XCBuildConfiguration;
			buildSettings = {
				ALWAYS_SEARCH_USER_PATHS = NO;
				CLANG_ANALYZER_NONNULL = YES;
				CLANG_ANALYZER_NUMBER_OBJECT_CONVERSION = YES_AGGRESSIVE;
				CLANG_CXX_LANGUAGE_STANDARD = "gnu++14";
				CLANG_CXX_LIBRARY = "libc++";
				CLANG_ENABLE_MODULES = YES;
				CLANG_ENABLE_OBJC_ARC = YES;
				CLANG_ENABLE_OBJC_WEAK = YES;
				CLANG_WARN_BLOCK_CAPTURE_AUTORELEASING = YES;
				CLANG_WARN_BOOL_CONVERSION = YES;
				CLANG_WARN_COMMA = YES;
				CLANG_WARN_CONSTANT_CONVERSION = YES;
				CLANG_WARN_DEPRECATED_OBJC_IMPLEMENTATIONS = YES;
				CLANG_WARN_DIRECT_OBJC_ISA_USAGE = YES_ERROR;
				CLANG_WARN_DOCUMENTATION_COMMENTS = YES;
				CLANG_WARN_EMPTY_BODY = YES;
				CLANG_WARN_ENUM_CONVERSION = YES;
				CLANG_WARN_INFINITE_RECURSION = YES;
				CLANG_WARN_INT_CONVERSION = YES;
				CLANG_WARN_NON_LITERAL_NULL_CONVERSION = YES;
				CLANG_WARN_OBJC_IMPLICIT_RETAIN_SELF = YES;
				CLANG_WARN_OBJC_LITERAL_CONVERSION = YES;
				CLANG_WARN_OBJC_ROOT_CLASS = YES_ERROR;
				CLANG_WARN_RANGE_LOOP_ANALYSIS = YES;
				CLANG_WARN_STRICT_PROTOTYPES = YES;
				CLANG_WARN_SUSPICIOUS_MOVE = YES;
				CLANG_WARN_UNGUARDED_AVAILABILITY = YES_AGGRESSIVE;
				CLANG_WARN_UNREACHABLE_CODE = YES;
				CLANG_WARN__DUPLICATE_METHOD_MATCH = YES;
				COPY_PHASE_STRIP = NO;
				DEBUG_INFORMATION_FORMAT = "dwarf-with-dsym";
				ENABLE_NS_ASSERTIONS = NO;
				ENABLE_STRICT_OBJC_MSGSEND = YES;
				GCC_C_LANGUAGE_STANDARD = gnu11;
				GCC_NO_COMMON_BLOCKS = YES;
				GCC_WARN_64_TO_32_BIT_CONVERSION = YES;
				GCC_WARN_ABOUT_RETURN_TYPE = YES_ERROR;
				GCC_WARN_UNDECLARED_SELECTOR = YES;
				GCC_WARN_UNINITIALIZED_AUTOS = YES_AGGRESSIVE;
				GCC_WARN_UNUSED_FUNCTION = YES;
				GCC_WARN_UNUSED_VARIABLE = YES;
				IPHONEOS_DEPLOYMENT_TARGET = 13.2;
				MTL_ENABLE_DEBUG_INFO = NO;
				MTL_FAST_MATH = YES;
				SDKROOT = iphoneos;
				SWIFT_COMPILATION_MODE = wholemodule;
				SWIFT_OPTIMIZATION_LEVEL = "-O";
				VALIDATE_PRODUCT = YES;
			};
			name = Release;
		};
		3DA864E02412399C00264DF2 /* Debug */ = {
			isa = XCBuildConfiguration;
			buildSettings = {
				ASSETCATALOG_COMPILER_APPICON_NAME = AppIcon;
				CODE_SIGN_STYLE = Automatic;
				DEVELOPMENT_TEAM = WFP7XFVDQT;
				INFOPLIST_FILE = NC1HelpfullApp/Info.plist;
				LD_RUNPATH_SEARCH_PATHS = (
					"$(inherited)",
					"@executable_path/Frameworks",
				);
				PRODUCT_BUNDLE_IDENTIFIER = com.ekirifaldi.NC1HelpfullApp;
				PRODUCT_NAME = "$(TARGET_NAME)";
				SWIFT_VERSION = 5.0;
				TARGETED_DEVICE_FAMILY = "1,2";
			};
			name = Debug;
		};
		3DA864E12412399C00264DF2 /* Release */ = {
			isa = XCBuildConfiguration;
			buildSettings = {
				ASSETCATALOG_COMPILER_APPICON_NAME = AppIcon;
				CODE_SIGN_STYLE = Automatic;
				DEVELOPMENT_TEAM = WFP7XFVDQT;
				INFOPLIST_FILE = NC1HelpfullApp/Info.plist;
				LD_RUNPATH_SEARCH_PATHS = (
					"$(inherited)",
					"@executable_path/Frameworks",
				);
				PRODUCT_BUNDLE_IDENTIFIER = com.ekirifaldi.NC1HelpfullApp;
				PRODUCT_NAME = "$(TARGET_NAME)";
				SWIFT_VERSION = 5.0;
				TARGETED_DEVICE_FAMILY = "1,2";
			};
			name = Release;
		};
/* End XCBuildConfiguration section */

/* Begin XCConfigurationList section */
		3DA864C62412399B00264DF2 /* Build configuration list for PBXProject "NC1HelpfullApp" */ = {
			isa = XCConfigurationList;
			buildConfigurations = (
				3DA864DD2412399C00264DF2 /* Debug */,
				3DA864DE2412399C00264DF2 /* Release */,
			);
			defaultConfigurationIsVisible = 0;
			defaultConfigurationName = Release;
		};
		3DA864DF2412399C00264DF2 /* Build configuration list for PBXNativeTarget "NC1HelpfullApp" */ = {
			isa = XCConfigurationList;
			buildConfigurations = (
				3DA864E02412399C00264DF2 /* Debug */,
				3DA864E12412399C00264DF2 /* Release */,
			);
			defaultConfigurationIsVisible = 0;
			defaultConfigurationName = Release;
		};
/* End XCConfigurationList section */
	};
	rootObject = 3DA864C32412399B00264DF2 /* Project object */;
}
